
Microsoft Visual Studio Solution File, Format Version 12.00
# Visual Studio 15
VisualStudioVersion = 15.0.27703.2042
MinimumVisualStudioVersion = 10.0.40219.1
Project("{FAE04EC0-301F-11D3-BF4B-00C04F79EFBC}") = "Cadres", "Cadres\Cadres.csproj", "{56FBC167-F731-44E6-A7A1-417DD9583275}"
EndProject
Project("{FAE04EC0-301F-11D3-BF4B-00C04F79EFBC}") = "Entidades", "Entidades\Entidades.csproj", "{DB8C14D1-B51E-4839-B36D-614889C2E4DE}"
EndProject
Project("{FAE04EC0-301F-11D3-BF4B-00C04F79EFBC}") = "DAO", "DAOs\DAO.csproj", "{A96F45C1-F8EE-4E6A-AFD1-5F5ACEA4A1AE}"
EndProject
Project("{FAE04EC0-301F-11D3-BF4B-00C04F79EFBC}") = "Services", "Services\Services.csproj", "{6F50E14D-4744-4353-A311-83CC1A6CB4B2}"
EndProject
Project("{FAE04EC0-301F-11D3-BF4B-00C04F79EFBC}") = "Test", "Test\Test.csproj", "{F3892E6A-4E86-4330-A674-988F2E3992B5}"
EndProject
Project("{FAE04EC0-301F-11D3-BF4B-00C04F79EFBC}") = "Base", "Base\Base.csproj", "{53EDC033-41EE-408D-85CA-A902B7447E12}"
EndProject
Project("{FAE04EC0-301F-11D3-BF4B-00C04F79EFBC}") = "Assembler", "Assembler\Assembler.csproj", "{7C4366C9-713E-434C-8643-FB076ACC546F}"
EndProject
Global
	GlobalSection(SolutionConfigurationPlatforms) = preSolution
		Debug|Any CPU = Debug|Any CPU
		Release|Any CPU = Release|Any CPU
	EndGlobalSection
	GlobalSection(ProjectConfigurationPlatforms) = postSolution
		{56FBC167-F731-44E6-A7A1-417DD9583275}.Debug|Any CPU.ActiveCfg = Debug|Any CPU
		{56FBC167-F731-44E6-A7A1-417DD9583275}.Debug|Any CPU.Build.0 = Debug|Any CPU
		{56FBC167-F731-44E6-A7A1-417DD9583275}.Release|Any CPU.ActiveCfg = Release|Any CPU
		{56FBC167-F731-44E6-A7A1-417DD9583275}.Release|Any CPU.Build.0 = Release|Any CPU
		{DB8C14D1-B51E-4839-B36D-614889C2E4DE}.Debug|Any CPU.ActiveCfg = Debug|Any CPU
		{DB8C14D1-B51E-4839-B36D-614889C2E4DE}.Debug|Any CPU.Build.0 = Debug|Any CPU
		{DB8C14D1-B51E-4839-B36D-614889C2E4DE}.Release|Any CPU.ActiveCfg = Release|Any CPU
		{DB8C14D1-B51E-4839-B36D-614889C2E4DE}.Release|Any CPU.Build.0 = Release|Any CPU
		{A96F45C1-F8EE-4E6A-AFD1-5F5ACEA4A1AE}.Debug|Any CPU.ActiveCfg = Debug|Any CPU
		{A96F45C1-F8EE-4E6A-AFD1-5F5ACEA4A1AE}.Debug|Any CPU.Build.0 = Debug|Any CPU
		{A96F45C1-F8EE-4E6A-AFD1-5F5ACEA4A1AE}.Release|Any CPU.ActiveCfg = Release|Any CPU
		{A96F45C1-F8EE-4E6A-AFD1-5F5ACEA4A1AE}.Release|Any CPU.Build.0 = Release|Any CPU
		{6F50E14D-4744-4353-A311-83CC1A6CB4B2}.Debug|Any CPU.ActiveCfg = Debug|Any CPU
		{6F50E14D-4744-4353-A311-83CC1A6CB4B2}.Debug|Any CPU.Build.0 = Debug|Any CPU
		{6F50E14D-4744-4353-A311-83CC1A6CB4B2}.Release|Any CPU.ActiveCfg = Release|Any CPU
		{6F50E14D-4744-4353-A311-83CC1A6CB4B2}.Release|Any CPU.Build.0 = Release|Any CPU
		{F3892E6A-4E86-4330-A674-988F2E3992B5}.Debug|Any CPU.ActiveCfg = Debug|Any CPU
		{F3892E6A-4E86-4330-A674-988F2E3992B5}.Debug|Any CPU.Build.0 = Debug|Any CPU
		{F3892E6A-4E86-4330-A674-988F2E3992B5}.Release|Any CPU.ActiveCfg = Release|Any CPU
		{F3892E6A-4E86-4330-A674-988F2E3992B5}.Release|Any CPU.Build.0 = Release|Any CPU
		{53EDC033-41EE-408D-85CA-A902B7447E12}.Debug|Any CPU.ActiveCfg = Debug|Any CPU
		{53EDC033-41EE-408D-85CA-A902B7447E12}.Debug|Any CPU.Build.0 = Debug|Any CPU
		{53EDC033-41EE-408D-85CA-A902B7447E12}.Release|Any CPU.ActiveCfg = Release|Any CPU
		{53EDC033-41EE-408D-85CA-A902B7447E12}.Release|Any CPU.Build.0 = Release|Any CPU
		{7C4366C9-713E-434C-8643-FB076ACC546F}.Debug|Any CPU.ActiveCfg = Debug|Any CPU
		{7C4366C9-713E-434C-8643-FB076ACC546F}.Debug|Any CPU.Build.0 = Debug|Any CPU
		{7C4366C9-713E-434C-8643-FB076ACC546F}.Release|Any CPU.ActiveCfg = Release|Any CPU
		{7C4366C9-713E-434C-8643-FB076ACC546F}.Release|Any CPU.Build.0 = Release|Any CPU
	EndGlobalSection
	GlobalSection(SolutionProperties) = preSolution
		HideSolutionNode = FALSE
	EndGlobalSection
	GlobalSection(ExtensibilityGlobals) = postSolution
		SolutionGuid = {A6D6A719-FC6F-4617-B4BD-056D44906AD0}
	EndGlobalSection
EndGlobal
