
Microsoft Visual Studio Solution File, Format Version 12.00
# Visual Studio 15
VisualStudioVersion = 15.0.27703.2042
MinimumVisualStudioVersion = 10.0.40219.1
Project("{FAE04EC0-301F-11D3-BF4B-00C04F79EFBC}") = "Cadres", "Cadres\Cadres.csproj", "{56FBC167-F731-44E6-A7A1-417DD9583275}"
EndProject
Project("{FAE04EC0-301F-11D3-BF4B-00C04F79EFBC}") = "Cadres.Tests", "Cadres.Tests\Cadres.Tests.csproj", "{BA622F81-2999-4DAC-A14A-3439F96FF0F2}"
EndProject
Global
	GlobalSection(SolutionConfigurationPlatforms) = preSolution
		Debug|Any CPU = Debug|Any CPU
		Release|Any CPU = Release|Any CPU
	EndGlobalSection
	GlobalSection(ProjectConfigurationPlatforms) = postSolution
		{56FBC167-F731-44E6-A7A1-417DD9583275}.Debug|Any CPU.ActiveCfg = Debug|Any CPU
		{56FBC167-F731-44E6-A7A1-417DD9583275}.Debug|Any CPU.Build.0 = Debug|Any CPU
		{56FBC167-F731-44E6-A7A1-417DD9583275}.Release|Any CPU.ActiveCfg = Release|Any CPU
		{56FBC167-F731-44E6-A7A1-417DD9583275}.Release|Any CPU.Build.0 = Release|Any CPU
		{BA622F81-2999-4DAC-A14A-3439F96FF0F2}.Debug|Any CPU.ActiveCfg = Debug|Any CPU
		{BA622F81-2999-4DAC-A14A-3439F96FF0F2}.Debug|Any CPU.Build.0 = Debug|Any CPU
		{BA622F81-2999-4DAC-A14A-3439F96FF0F2}.Release|Any CPU.ActiveCfg = Release|Any CPU
		{BA622F81-2999-4DAC-A14A-3439F96FF0F2}.Release|Any CPU.Build.0 = Release|Any CPU
	EndGlobalSection
	GlobalSection(SolutionProperties) = preSolution
		HideSolutionNode = FALSE
	EndGlobalSection
	GlobalSection(ExtensibilityGlobals) = postSolution
		SolutionGuid = {A6D6A719-FC6F-4617-B4BD-056D44906AD0}
	EndGlobalSection
EndGlobal
