
Microsoft Visual Studio Solution File, Format Version 12.00
# Visual Studio Version 16
VisualStudioVersion = 16.0.30011.22
MinimumVisualStudioVersion = 10.0.40219.1
Project("{9A19103F-16F7-4668-BE54-9A1E7A4F7556}") = "Cadres.Domain", "Cadres.Domain\Cadres.Domain.csproj", "{F2140113-45D8-4D71-A025-E9BF125D0D6C}"
EndProject
Project("{9A19103F-16F7-4668-BE54-9A1E7A4F7556}") = "Cadres.Data", "Cadres.Infrastructure\Cadres.Data.csproj", "{18973CFA-600E-4565-A065-BE8687F45B29}"
EndProject
Project("{2150E333-8FDC-42A3-9474-1A3956D46DE8}") = "Test", "Test", "{A652BAB2-A022-4A24-8315-F945D75FCAE6}"
EndProject
Project("{9A19103F-16F7-4668-BE54-9A1E7A4F7556}") = "Cadres.BusinessTest", "Cadres.BusinessTest\Cadres.BusinessTest.csproj", "{1FBBEB97-5A0C-4DBE-9D72-2C3142BD6AF2}"
EndProject
Project("{9A19103F-16F7-4668-BE54-9A1E7A4F7556}") = "Cadres.RepositoryTest", "CadresPersistenceTestCase\Cadres.RepositoryTest.csproj", "{E0F39F04-A9E9-4440-8BAC-12350781E50C}"
EndProject
Project("{9A19103F-16F7-4668-BE54-9A1E7A4F7556}") = "Cadres.Service", "Cadres.Service\Cadres.Service.csproj", "{61CA989D-34E1-47BB-9435-DDB383E0586D}"
EndProject
Project("{9A19103F-16F7-4668-BE54-9A1E7A4F7556}") = "Cadres.ServiceTest", "Cadres.ServiceTest\Cadres.ServiceTest.csproj", "{8E5FB960-5086-4BF3-8C4A-CEE7553FDF5D}"
EndProject
Project("{9A19103F-16F7-4668-BE54-9A1E7A4F7556}") = "Cadres.Api", "Cadres.Api\Cadres.Api.csproj", "{4541BE78-5637-4EE9-B20B-E6A1683B385C}"
EndProject
Global
	GlobalSection(SolutionConfigurationPlatforms) = preSolution
		Debug|Any CPU = Debug|Any CPU
		Release|Any CPU = Release|Any CPU
	EndGlobalSection
	GlobalSection(ProjectConfigurationPlatforms) = postSolution
		{F2140113-45D8-4D71-A025-E9BF125D0D6C}.Debug|Any CPU.ActiveCfg = Debug|Any CPU
		{F2140113-45D8-4D71-A025-E9BF125D0D6C}.Debug|Any CPU.Build.0 = Debug|Any CPU
		{F2140113-45D8-4D71-A025-E9BF125D0D6C}.Release|Any CPU.ActiveCfg = Release|Any CPU
		{F2140113-45D8-4D71-A025-E9BF125D0D6C}.Release|Any CPU.Build.0 = Release|Any CPU
		{18973CFA-600E-4565-A065-BE8687F45B29}.Debug|Any CPU.ActiveCfg = Debug|Any CPU
		{18973CFA-600E-4565-A065-BE8687F45B29}.Debug|Any CPU.Build.0 = Debug|Any CPU
		{18973CFA-600E-4565-A065-BE8687F45B29}.Release|Any CPU.ActiveCfg = Release|Any CPU
		{18973CFA-600E-4565-A065-BE8687F45B29}.Release|Any CPU.Build.0 = Release|Any CPU
		{1FBBEB97-5A0C-4DBE-9D72-2C3142BD6AF2}.Debug|Any CPU.ActiveCfg = Debug|Any CPU
		{1FBBEB97-5A0C-4DBE-9D72-2C3142BD6AF2}.Debug|Any CPU.Build.0 = Debug|Any CPU
		{1FBBEB97-5A0C-4DBE-9D72-2C3142BD6AF2}.Release|Any CPU.ActiveCfg = Release|Any CPU
		{1FBBEB97-5A0C-4DBE-9D72-2C3142BD6AF2}.Release|Any CPU.Build.0 = Release|Any CPU
		{E0F39F04-A9E9-4440-8BAC-12350781E50C}.Debug|Any CPU.ActiveCfg = Debug|Any CPU
		{E0F39F04-A9E9-4440-8BAC-12350781E50C}.Debug|Any CPU.Build.0 = Debug|Any CPU
		{E0F39F04-A9E9-4440-8BAC-12350781E50C}.Release|Any CPU.ActiveCfg = Release|Any CPU
		{E0F39F04-A9E9-4440-8BAC-12350781E50C}.Release|Any CPU.Build.0 = Release|Any CPU
		{61CA989D-34E1-47BB-9435-DDB383E0586D}.Debug|Any CPU.ActiveCfg = Debug|Any CPU
		{61CA989D-34E1-47BB-9435-DDB383E0586D}.Debug|Any CPU.Build.0 = Debug|Any CPU
		{61CA989D-34E1-47BB-9435-DDB383E0586D}.Release|Any CPU.ActiveCfg = Release|Any CPU
		{61CA989D-34E1-47BB-9435-DDB383E0586D}.Release|Any CPU.Build.0 = Release|Any CPU
		{8E5FB960-5086-4BF3-8C4A-CEE7553FDF5D}.Debug|Any CPU.ActiveCfg = Debug|Any CPU
		{8E5FB960-5086-4BF3-8C4A-CEE7553FDF5D}.Debug|Any CPU.Build.0 = Debug|Any CPU
		{8E5FB960-5086-4BF3-8C4A-CEE7553FDF5D}.Release|Any CPU.ActiveCfg = Release|Any CPU
		{8E5FB960-5086-4BF3-8C4A-CEE7553FDF5D}.Release|Any CPU.Build.0 = Release|Any CPU
		{4541BE78-5637-4EE9-B20B-E6A1683B385C}.Debug|Any CPU.ActiveCfg = Debug|Any CPU
		{4541BE78-5637-4EE9-B20B-E6A1683B385C}.Debug|Any CPU.Build.0 = Debug|Any CPU
		{4541BE78-5637-4EE9-B20B-E6A1683B385C}.Release|Any CPU.ActiveCfg = Release|Any CPU
		{4541BE78-5637-4EE9-B20B-E6A1683B385C}.Release|Any CPU.Build.0 = Release|Any CPU
	EndGlobalSection
	GlobalSection(SolutionProperties) = preSolution
		HideSolutionNode = FALSE
	EndGlobalSection
	GlobalSection(NestedProjects) = preSolution
		{1FBBEB97-5A0C-4DBE-9D72-2C3142BD6AF2} = {A652BAB2-A022-4A24-8315-F945D75FCAE6}
		{E0F39F04-A9E9-4440-8BAC-12350781E50C} = {A652BAB2-A022-4A24-8315-F945D75FCAE6}
		{8E5FB960-5086-4BF3-8C4A-CEE7553FDF5D} = {A652BAB2-A022-4A24-8315-F945D75FCAE6}
	EndGlobalSection
	GlobalSection(ExtensibilityGlobals) = postSolution
		SolutionGuid = {371A9145-48B9-4242-ABAE-89C1CAE1BBF0}
	EndGlobalSection
EndGlobal
